{
  "nodes": {
    "flake-utils": {
      "locked": {
        "lastModified": 1623875721,
        "narHash": "sha256-A8BU7bjS5GirpAUv4QA+QnJ4CceLHkcXdRp4xITDB0s=",
        "owner": "numtide",
        "repo": "flake-utils",
        "rev": "f7e004a55b120c02ecb6219596820fcd32ca8772",
        "type": "github"
      },
      "original": {
        "owner": "numtide",
        "repo": "flake-utils",
        "type": "github"
      }
    },
    "kmonad": {
      "flake": false,
      "locked": {
        "dir": "nix",
        "lastModified": 1625922593,
        "narHash": "sha256-WnmNKs5AaJFpwmOI4XqQRi/STbysktzEqnlIN+oQNOw=",
        "owner": "kmonad",
        "repo": "kmonad",
        "rev": "3718d93b8134e707819dc4bf3cc82f374682d229",
        "type": "github"
      },
      "original": {
        "dir": "nix",
        "owner": "kmonad",
        "repo": "kmonad",
        "type": "github"
      }
    },
    "nixpkgs": {
      "locked": {
        "lastModified": 1625919529,
        "narHash": "sha256-Epn7JRegnKN81hQh4hGx1FOwfp3fBxDCIuSZDgqaBQ4=",
        "owner": "NixOS",
        "repo": "nixpkgs",
        "rev": "cf59fbd539681f5ec2f4a82cf77aae7ab827a03f",
        "type": "github"
      },
      "original": {
        "owner": "NixOS",
        "ref": "nixos-21.05",
        "repo": "nixpkgs",
        "type": "github"
      }
    },
    "nixpkgs-unstable": {
      "locked": {
        "lastModified": 1625874246,
        "narHash": "sha256-7cGgcysIXz/j/lRpJn7cNJjf0+k7sQ5EuGn62252Svw=",
        "owner": "NixOS",
        "repo": "nixpkgs",
        "rev": "45fc7d4a35c5343e58541a7847f6415654ccbb37",
        "type": "github"
      },
      "original": {
        "owner": "NixOS",
        "ref": "nixos-unstable",
        "repo": "nixpkgs",
        "type": "github"
      }
    },
    "root": {
      "inputs": {
        "flake-utils": "flake-utils",
        "kmonad": "kmonad",
        "nixpkgs": "nixpkgs",
        "nixpkgs-unstable": "nixpkgs-unstable"
      }
    }
  },
  "root": "root",
  "version": 7
}
