{
  "nodes": {
    "flake-utils": {
      "locked": {
        "lastModified": 1623875721,
        "narHash": "sha256-A8BU7bjS5GirpAUv4QA+QnJ4CceLHkcXdRp4xITDB0s=",
        "owner": "numtide",
        "repo": "flake-utils",
        "rev": "f7e004a55b120c02ecb6219596820fcd32ca8772",
        "type": "github"
      },
      "original": {
        "owner": "numtide",
        "repo": "flake-utils",
        "type": "github"
      }
    },
    "kmonad": {
      "flake": false,
      "locked": {
        "dir": "nix",
        "lastModified": 1625566080,
        "narHash": "sha256-tryrd9oYwlD8bfizm5xwW7imqi5JGgwxZ+WtYqvQJpY=",
        "owner": "kmonad",
        "repo": "kmonad",
        "rev": "768d5e4e1375d80607440bdcd10296ca7f6f00ea",
        "type": "github"
      },
      "original": {
        "dir": "nix",
        "owner": "kmonad",
        "repo": "kmonad",
        "type": "github"
      }
    },
    "nixpkgs": {
      "locked": {
        "lastModified": 1625176478,
        "narHash": "sha256-s1RTYNKw7ySyqrZjns9Cq+Nnjpp75ePgL06pgcbIpoA=",
        "owner": "NixOS",
        "repo": "nixpkgs",
        "rev": "21b696caf392ad6fa513caf3327d0aa0430ffb72",
        "type": "github"
      },
      "original": {
        "owner": "NixOS",
        "ref": "nixos-21.05",
        "repo": "nixpkgs",
        "type": "github"
      }
    },
    "nixpkgs-unstable": {
      "locked": {
        "lastModified": 1625366435,
        "narHash": "sha256-29ZJQBmJ9p2IienoYXCT/qq8sf+rfOvXWfeqVLZOh0E=",
        "owner": "NixOS",
        "repo": "nixpkgs",
        "rev": "20887e4bbfdae3aed6bfa1f53ddf138ee325515e",
        "type": "github"
      },
      "original": {
        "owner": "NixOS",
        "ref": "nixos-unstable",
        "repo": "nixpkgs",
        "type": "github"
      }
    },
    "root": {
      "inputs": {
        "flake-utils": "flake-utils",
        "kmonad": "kmonad",
        "nixpkgs": "nixpkgs",
        "nixpkgs-unstable": "nixpkgs-unstable"
      }
    }
  },
  "root": "root",
  "version": 7
}
